version = 1
revision = 3
requires-python = ">=3.8"

[[package]]
name = "enet-gw-api-py-rs"
source = { editable = "." }
dependencies = [
    { name = "netifaces" },
]

[package.metadata]
requires-dist = [{ name = "netifaces", specifier = ">=0.11.0" }]

[[package]]
name = "netifaces"
version = "0.11.0"
source = { registry = "https://pypi.org/simple" }
sdist = { url = "https://files.pythonhosted.org/packages/a6/91/86a6eac449ddfae239e93ffc1918cf33fd9bab35c04d1e963b311e347a73/netifaces-0.11.0.tar.gz", hash = "sha256:043a79146eb2907edf439899f262b3dfe41717d34124298ed281139a8b93ca32", size = 30106, upload-time = "2021-05-31T08:33:02.506Z" }
wheels = [
    { url = "https://files.pythonhosted.org/packages/1d/b4/0ba3c00f8bbbd3328562d9e7158235ffe21968b88a21adf5614b019e5037/netifaces-0.11.0-cp38-cp38-macosx_10_15_x86_64.whl", hash = "sha256:3ecb3f37c31d5d51d2a4d935cfa81c9bc956687c6f5237021b36d6fdc2815b2c", size = 12264, upload-time = "2021-05-31T08:32:52.696Z" },
    { url = "https://files.pythonhosted.org/packages/13/d3/805fbf89548882361e6900cbb7cc50ad7dec7fab486c5513be49729d9c4e/netifaces-0.11.0-cp38-cp38-manylinux_2_5_i686.manylinux1_i686.whl", hash = "sha256:96c0fe9696398253f93482c84814f0e7290eee0bfec11563bd07d80d701280c3", size = 33185, upload-time = "2021-05-31T08:32:53.613Z" },
    { url = "https://files.pythonhosted.org/packages/77/6c/eb2b7c9dbbf6cd0148fda0215742346dc4d45b79f680500832e8c6457936/netifaces-0.11.0-cp38-cp38-manylinux_2_5_x86_64.manylinux1_x86_64.whl", hash = "sha256:c92ff9ac7c2282009fe0dcb67ee3cd17978cffbe0c8f4b471c00fe4325c9b4d4", size = 33922, upload-time = "2021-05-31T08:32:55.03Z" },
    { url = "https://files.pythonhosted.org/packages/9f/29/7accc0545b1e39c9ac31b0074c197a5d7cfa9aca21a7e3f6aae65c145fe5/netifaces-0.11.0-cp38-cp38-win32.whl", hash = "sha256:d07b01c51b0b6ceb0f09fc48ec58debd99d2c8430b09e56651addeaf5de48048", size = 15178, upload-time = "2021-05-31T08:32:56.028Z" },
    { url = "https://files.pythonhosted.org/packages/d7/6c/d24d9973e385fde1440f6bb83b481ac8d1627902021c6b405f9da3951348/netifaces-0.11.0-cp38-cp38-win_amd64.whl", hash = "sha256:469fc61034f3daf095e02f9f1bbac07927b826c76b745207287bc594884cfd05", size = 16449, upload-time = "2021-05-31T08:32:56.956Z" },
    { url = "https://files.pythonhosted.org/packages/dd/51/316a0e27e015dff0573da8a7629b025eb2c10ebbe3aaf6a152039f233972/netifaces-0.11.0-cp39-cp39-macosx_10_15_x86_64.whl", hash = "sha256:5be83986100ed1fdfa78f11ccff9e4757297735ac17391b95e17e74335c2047d", size = 12265, upload-time = "2021-05-31T08:32:58.284Z" },
    { url = "https://files.pythonhosted.org/packages/c0/8c/b8d1e0bb4139e8b9b8acea7157c4106eb020ea25f943b364c763a0edba0a/netifaces-0.11.0-cp39-cp39-macosx_11_0_arm64.whl", hash = "sha256:54ff6624eb95b8a07e79aa8817288659af174e954cca24cdb0daeeddfc03c4ff", size = 12475, upload-time = "2021-05-31T08:32:59.35Z" },
    { url = "https://files.pythonhosted.org/packages/f1/52/2e526c90b5636bfab54eb81c52f5b27810d0228e80fa1afac3444dd0cd77/netifaces-0.11.0-cp39-cp39-manylinux_2_5_i686.manylinux1_i686.whl", hash = "sha256:841aa21110a20dc1621e3dd9f922c64ca64dd1eb213c47267a2c324d823f6c8f", size = 32074, upload-time = "2021-05-31T08:33:00.508Z" },
    { url = "https://files.pythonhosted.org/packages/6b/07/613110af7b7856cf0bea173a866304f5476aba06f5ccf74c66acc73e36f1/netifaces-0.11.0-cp39-cp39-manylinux_2_5_x86_64.manylinux1_x86_64.whl", hash = "sha256:e76c7f351e0444721e85f975ae92718e21c1f361bda946d60a214061de1f00a1", size = 32680, upload-time = "2021-05-31T08:33:01.479Z" },
]
